// !$*UTF8*$!
{
	archiveVersion = 1;
	classes = {
	};
	objectVersion = 77;
	objects = {

/* Begin PBXBuildFile section */
		A10000000000000000000001 /* GhosttyTerminal in Frameworks */ = {isa = PBXBuildFile; productRef = A20000000000000000000001 /* GhosttyTerminal */; };
		A10000000000000000000002 /* NIOSSH in Frameworks */ = {isa = PBXBuildFile; productRef = A20000000000000000000002 /* NIOSSH */; };
		A10000000000000000000003 /* NIOCore in Frameworks */ = {isa = PBXBuildFile; productRef = A20000000000000000000003 /* NIOCore */; };
		A10000000000000000000004 /* NIOPosix in Frameworks */ = {isa = PBXBuildFile; productRef = A20000000000000000000004 /* NIOPosix */; };
		A10000000000000000000005 /* Crypto in Frameworks */ = {isa = PBXBuildFile; productRef = A20000000000000000000005 /* Crypto */; };
		A10000000000000000000006 /* NIOSSH in Frameworks */ = {isa = PBXBuildFile; productRef = A20000000000000000000002 /* NIOSSH */; };
		A10000000000000000000007 /* NIOCore in Frameworks */ = {isa = PBXBuildFile; productRef = A20000000000000000000003 /* NIOCore */; };
		A10000000000000000000008 /* NIOPosix in Frameworks */ = {isa = PBXBuildFile; productRef = A20000000000000000000004 /* NIOPosix */; };
		A10000000000000000000009 /* Crypto in Frameworks */ = {isa = PBXBuildFile; productRef = A20000000000000000000005 /* Crypto */; };
		A1000000000000000000000A /* JetBrainsMono-Regular.ttf in Resources */ = {isa = PBXBuildFile; fileRef = A30000000000000000000004 /* JetBrainsMono-Regular.ttf */; };
		A1000000000000000000000B /* JetBrainsMono-Bold.ttf in Resources */ = {isa = PBXBuildFile; fileRef = A30000000000000000000005 /* JetBrainsMono-Bold.ttf */; };
		A1000000000000000000000C /* JetBrainsMono-Italic.ttf in Resources */ = {isa = PBXBuildFile; fileRef = A30000000000000000000006 /* JetBrainsMono-Italic.ttf */; };
		A1000000000000000000000D /* JetBrainsMono-BoldItalic.ttf in Resources */ = {isa = PBXBuildFile; fileRef = A30000000000000000000007 /* JetBrainsMono-BoldItalic.ttf */; };
		A1000000000000000000000E /* OFL.txt in Resources */ = {isa = PBXBuildFile; fileRef = A30000000000000000000008 /* OFL.txt */; };
/* End PBXBuildFile section */

/* Begin PBXFileReference section */
		A30000000000000000000001 /* Kero.app */ = {isa = PBXFileReference; explicitFileType = wrapper.application; includeInIndex = 0; path = Kero.app; sourceTree = BUILT_PRODUCTS_DIR; };
		A30000000000000000000002 /* KeroMobileUITests.xctest */ = {isa = PBXFileReference; explicitFileType = wrapper.cfbundle; includeInIndex = 0; path = KeroMobileUITests.xctest; sourceTree = BUILT_PRODUCTS_DIR; };
		A30000000000000000000003 /* KeroMobileTests.xctest */ = {isa = PBXFileReference; explicitFileType = wrapper.cfbundle; includeInIndex = 0; path = KeroMobileTests.xctest; sourceTree = BUILT_PRODUCTS_DIR; };
		A30000000000000000000004 /* JetBrainsMono-Regular.ttf */ = {isa = PBXFileReference; lastKnownFileType = file.ttf; path = "kero/Fonts/JetBrainsMono-Regular.ttf"; sourceTree = "<group>"; };
		A30000000000000000000005 /* JetBrainsMono-Bold.ttf */ = {isa = PBXFileReference; lastKnownFileType = file.ttf; path = "kero/Fonts/JetBrainsMono-Bold.ttf"; sourceTree = "<group>"; };
		A30000000000000000000006 /* JetBrainsMono-Italic.ttf */ = {isa = PBXFileReference; lastKnownFileType = file.ttf; path = "kero/Fonts/JetBrainsMono-Italic.ttf"; sourceTree = "<group>"; };
		A30000000000000000000007 /* JetBrainsMono-BoldItalic.ttf */ = {isa = PBXFileReference; lastKnownFileType = file.ttf; path = "kero/Fonts/JetBrainsMono-BoldItalic.ttf"; sourceTree = "<group>"; };
		A30000000000000000000008 /* OFL.txt */ = {isa = PBXFileReference; lastKnownFileType = text; path = kero/Fonts/OFL.txt; sourceTree = "<group>"; };
/* End PBXFileReference section */

/* Begin PBXFileSystemSynchronizedBuildFileExceptionSet section */
		AE0000000000000000000001 /* Exceptions for "KeroMobile" folder in "KeroMobile" target */ = {
			isa = PBXFileSystemSynchronizedBuildFileExceptionSet;
			membershipExceptions = (
				README.md,
			);
			target = A70000000000000000000001 /* KeroMobile */;
		};
/* End PBXFileSystemSynchronizedBuildFileExceptionSet section */

/* Begin PBXFileSystemSynchronizedRootGroup section */
		A40000000000000000000001 /* KeroMobile */ = {
			isa = PBXFileSystemSynchronizedRootGroup;
			exceptions = (
				AE0000000000000000000001 /* Exceptions for "KeroMobile" folder in "KeroMobile" target */,
			);
			path = KeroMobile;
			sourceTree = "<group>";
		};
		A40000000000000000000002 /* KeroMobileUITests */ = {
			isa = PBXFileSystemSynchronizedRootGroup;
			path = KeroMobileUITests;
			sourceTree = "<group>";
		};
		A40000000000000000000003 /* KeroMobileTests */ = {
			isa = PBXFileSystemSynchronizedRootGroup;
			path = KeroMobileTests;
			sourceTree = "<group>";
		};
/* End PBXFileSystemSynchronizedRootGroup section */

/* Begin PBXFrameworksBuildPhase section */
		A50000000000000000000001 /* Frameworks */ = {
			isa = PBXFrameworksBuildPhase;
			buildActionMask = 2147483647;
			files = (
				A10000000000000000000001 /* GhosttyTerminal in Frameworks */,
				A10000000000000000000002 /* NIOSSH in Frameworks */,
				A10000000000000000000003 /* NIOCore in Frameworks */,
				A10000000000000000000004 /* NIOPosix in Frameworks */,
				A10000000000000000000005 /* Crypto in Frameworks */,
			);
			runOnlyForDeploymentPostprocessing = 0;
		};
		A50000000000000000000005 /* Frameworks */ = {
			isa = PBXFrameworksBuildPhase;
			buildActionMask = 2147483647;
			files = (
			);
			runOnlyForDeploymentPostprocessing = 0;
		};
		A50000000000000000000008 /* Frameworks */ = {
			isa = PBXFrameworksBuildPhase;
			buildActionMask = 2147483647;
			files = (
				A10000000000000000000006 /* NIOSSH in Frameworks */,
				A10000000000000000000007 /* NIOCore in Frameworks */,
				A10000000000000000000008 /* NIOPosix in Frameworks */,
				A10000000000000000000009 /* Crypto in Frameworks */,
			);
			runOnlyForDeploymentPostprocessing = 0;
		};
/* End PBXFrameworksBuildPhase section */

/* Begin PBXGroup section */
		A60000000000000000000001 = {
			isa = PBXGroup;
			children = (
				A40000000000000000000001 /* KeroMobile */,
				A40000000000000000000003 /* KeroMobileTests */,
				A40000000000000000000002 /* KeroMobileUITests */,
				A60000000000000000000003 /* Bundled Fonts */,
				A60000000000000000000002 /* Products */,
			);
			sourceTree = "<group>";
		};
		A60000000000000000000002 /* Products */ = {
			isa = PBXGroup;
			children = (
				A30000000000000000000001 /* Kero.app */,
				A30000000000000000000003 /* KeroMobileTests.xctest */,
				A30000000000000000000002 /* KeroMobileUITests.xctest */,
			);
			name = Products;
			sourceTree = "<group>";
		};
		A60000000000000000000003 /* Bundled Fonts */ = {
			isa = PBXGroup;
			children = (
				A30000000000000000000004 /* JetBrainsMono-Regular.ttf */,
				A30000000000000000000005 /* JetBrainsMono-Bold.ttf */,
				A30000000000000000000006 /* JetBrainsMono-Italic.ttf */,
				A30000000000000000000007 /* JetBrainsMono-BoldItalic.ttf */,
				A30000000000000000000008 /* OFL.txt */,
			);
			name = "Bundled Fonts";
			sourceTree = "<group>";
		};
/* End PBXGroup section */

/* Begin PBXNativeTarget section */
		A70000000000000000000001 /* KeroMobile */ = {
			isa = PBXNativeTarget;
			buildConfigurationList = A80000000000000000000002 /* Build configuration list for PBXNativeTarget "KeroMobile" */;
			buildPhases = (
				A50000000000000000000002 /* Sources */,
				A50000000000000000000001 /* Frameworks */,
				A50000000000000000000003 /* Resources */,
			);
			buildRules = (
			);
			dependencies = (
			);
			fileSystemSynchronizedGroups = (
				A40000000000000000000001 /* KeroMobile */,
			);
			name = KeroMobile;
			packageProductDependencies = (
				A20000000000000000000001 /* GhosttyTerminal */,
				A20000000000000000000002 /* NIOSSH */,
				A20000000000000000000003 /* NIOCore */,
				A20000000000000000000004 /* NIOPosix */,
				A20000000000000000000005 /* Crypto */,
			);
			productName = KeroMobile;
			productReference = A30000000000000000000001 /* Kero.app */;
			productType = "com.apple.product-type.application";
		};
		A70000000000000000000002 /* KeroMobileUITests */ = {
			isa = PBXNativeTarget;
			buildConfigurationList = A80000000000000000000003 /* Build configuration list for PBXNativeTarget "KeroMobileUITests" */;
			buildPhases = (
				A50000000000000000000004 /* Sources */,
				A50000000000000000000005 /* Frameworks */,
				A50000000000000000000006 /* Resources */,
			);
			buildRules = (
			);
			dependencies = (
				AD0000000000000000000001 /* PBXTargetDependency */,
			);
			fileSystemSynchronizedGroups = (
				A40000000000000000000002 /* KeroMobileUITests */,
			);
			name = KeroMobileUITests;
			packageProductDependencies = (
			);
			productName = KeroMobileUITests;
			productReference = A30000000000000000000002 /* KeroMobileUITests.xctest */;
			productType = "com.apple.product-type.bundle.ui-testing";
		};
		A70000000000000000000003 /* KeroMobileTests */ = {
			isa = PBXNativeTarget;
			buildConfigurationList = A80000000000000000000004 /* Build configuration list for PBXNativeTarget "KeroMobileTests" */;
			buildPhases = (
				A50000000000000000000007 /* Sources */,
				A50000000000000000000008 /* Frameworks */,
				A50000000000000000000009 /* Resources */,
			);
			buildRules = (
			);
			dependencies = (
				AD0000000000000000000002 /* PBXTargetDependency */,
			);
			fileSystemSynchronizedGroups = (
				A40000000000000000000003 /* KeroMobileTests */,
			);
			name = KeroMobileTests;
			packageProductDependencies = (
				A20000000000000000000002 /* NIOSSH */,
				A20000000000000000000003 /* NIOCore */,
				A20000000000000000000004 /* NIOPosix */,
				A20000000000000000000005 /* Crypto */,
			);
			productName = KeroMobileTests;
			productReference = A30000000000000000000003 /* KeroMobileTests.xctest */;
			productType = "com.apple.product-type.bundle.unit-test";
		};
/* End PBXNativeTarget section */

/* Begin PBXContainerItemProxy section */
		AC0000000000000000000001 /* PBXContainerItemProxy */ = {
			isa = PBXContainerItemProxy;
			containerPortal = A90000000000000000000001 /* Project object */;
			proxyType = 1;
			remoteGlobalIDString = A70000000000000000000001;
			remoteInfo = KeroMobile;
		};
		AC0000000000000000000002 /* PBXContainerItemProxy */ = {
			isa = PBXContainerItemProxy;
			containerPortal = A90000000000000000000001 /* Project object */;
			proxyType = 1;
			remoteGlobalIDString = A70000000000000000000001;
			remoteInfo = KeroMobile;
		};
/* End PBXContainerItemProxy section */

/* Begin PBXProject section */
		A90000000000000000000001 /* Project object */ = {
			isa = PBXProject;
			attributes = {
				BuildIndependentTargetsInParallel = 1;
				LastSwiftUpdateCheck = 2700;
				LastUpgradeCheck = 2700;
				TargetAttributes = {
					A70000000000000000000001 = {
						CreatedOnToolsVersion = 27.0;
					};
					A70000000000000000000002 = {
						CreatedOnToolsVersion = 27.0;
						TestTargetID = A70000000000000000000001;
					};
					A70000000000000000000003 = {
						CreatedOnToolsVersion = 27.0;
						TestTargetID = A70000000000000000000001;
					};
				};
			};
			buildConfigurationList = A80000000000000000000001 /* Build configuration list for PBXProject "KeroMobile" */;
			developmentRegion = en;
			hasScannedForEncodings = 0;
			knownRegions = (
				en,
				Base,
			);
			mainGroup = A60000000000000000000001;
			minimizedProjectReferenceProxies = 1;
			packageReferences = (
				AB0000000000000000000001 /* XCLocalSwiftPackageReference "Vendor/libghostty-spm" */,
				AB0000000000000000000002 /* XCRemoteSwiftPackageReference "swift-nio-ssh" */,
				AB0000000000000000000003 /* XCRemoteSwiftPackageReference "swift-nio" */,
				AB0000000000000000000004 /* XCRemoteSwiftPackageReference "swift-crypto" */,
			);
			preferredProjectObjectVersion = 77;
			productRefGroup = A60000000000000000000002 /* Products */;
			projectDirPath = "";
			projectRoot = "";
			targets = (
				A70000000000000000000001 /* KeroMobile */,
				A70000000000000000000003 /* KeroMobileTests */,
				A70000000000000000000002 /* KeroMobileUITests */,
			);
		};
/* End PBXProject section */

/* Begin PBXResourcesBuildPhase section */
		A50000000000000000000003 /* Resources */ = {
			isa = PBXResourcesBuildPhase;
			buildActionMask = 2147483647;
			files = (
				A1000000000000000000000A /* JetBrainsMono-Regular.ttf in Resources */,
				A1000000000000000000000B /* JetBrainsMono-Bold.ttf in Resources */,
				A1000000000000000000000C /* JetBrainsMono-Italic.ttf in Resources */,
				A1000000000000000000000D /* JetBrainsMono-BoldItalic.ttf in Resources */,
				A1000000000000000000000E /* OFL.txt in Resources */,
			);
			runOnlyForDeploymentPostprocessing = 0;
		};
		A50000000000000000000006 /* Resources */ = {
			isa = PBXResourcesBuildPhase;
			buildActionMask = 2147483647;
			files = (
			);
			runOnlyForDeploymentPostprocessing = 0;
		};
		A50000000000000000000009 /* Resources */ = {
			isa = PBXResourcesBuildPhase;
			buildActionMask = 2147483647;
			files = (
			);
			runOnlyForDeploymentPostprocessing = 0;
		};
/* End PBXResourcesBuildPhase section */

/* Begin PBXSourcesBuildPhase section */
		A50000000000000000000002 /* Sources */ = {
			isa = PBXSourcesBuildPhase;
			buildActionMask = 2147483647;
			files = (
			);
			runOnlyForDeploymentPostprocessing = 0;
		};
		A50000000000000000000004 /* Sources */ = {
			isa = PBXSourcesBuildPhase;
			buildActionMask = 2147483647;
			files = (
			);
			runOnlyForDeploymentPostprocessing = 0;
		};
		A50000000000000000000007 /* Sources */ = {
			isa = PBXSourcesBuildPhase;
			buildActionMask = 2147483647;
			files = (
			);
			runOnlyForDeploymentPostprocessing = 0;
		};
/* End PBXSourcesBuildPhase section */

/* Begin XCBuildConfiguration section */
		AA0000000000000000000001 /* Debug */ = {
			isa = XCBuildConfiguration;
			buildSettings = {
				ALWAYS_SEARCH_USER_PATHS = NO;
				ASSETCATALOG_COMPILER_GENERATE_SWIFT_ASSET_SYMBOL_EXTENSIONS = YES;
				CLANG_ANALYZER_NONNULL = YES;
				CLANG_ANALYZER_NUMBER_OBJECT_CONVERSION = YES_AGGRESSIVE;
				CLANG_CXX_LANGUAGE_STANDARD = "gnu++20";
				CLANG_ENABLE_MODULES = YES;
				CLANG_ENABLE_OBJC_ARC = YES;
				CLANG_WARN_BOOL_CONVERSION = YES;
				CLANG_WARN_COMMA = YES;
				CLANG_WARN_CONSTANT_CONVERSION = YES;
				CLANG_WARN_DEPRECATED_OBJC_IMPLEMENTATIONS = YES;
				CLANG_WARN_DOCUMENTATION_COMMENTS = YES;
				CLANG_WARN_EMPTY_BODY = YES;
				CLANG_WARN_ENUM_CONVERSION = YES;
				CLANG_WARN_INFINITE_RECURSION = YES;
				CLANG_WARN_INT_CONVERSION = YES;
				CLANG_WARN_NON_LITERAL_NULL_CONVERSION = YES;
				CLANG_WARN_OBJC_IMPLICIT_RETAIN_SELF = YES;
				CLANG_WARN_OBJC_LITERAL_CONVERSION = YES;
				CLANG_WARN_OBJC_ROOT_CLASS = YES_ERROR;
				CLANG_WARN_QUOTED_INCLUDE_IN_FRAMEWORK_HEADER = YES;
				CLANG_WARN_RANGE_LOOP_ANALYSIS = YES;
				CLANG_WARN_STRICT_PROTOTYPES = YES;
				CLANG_WARN_SUSPICIOUS_MOVE = YES;
				CLANG_WARN_UNGUARDED_AVAILABILITY = YES_AGGRESSIVE;
				CLANG_WARN_UNREACHABLE_CODE = YES;
				COPY_PHASE_STRIP = NO;
				DEBUG_INFORMATION_FORMAT = dwarf;
				ENABLE_STRICT_OBJC_MSGSEND = YES;
				ENABLE_TESTABILITY = YES;
				ENABLE_USER_SCRIPT_SANDBOXING = YES;
				GCC_C_LANGUAGE_STANDARD = gnu17;
				GCC_NO_COMMON_BLOCKS = YES;
				GCC_OPTIMIZATION_LEVEL = 0;
				GCC_PREPROCESSOR_DEFINITIONS = (
					"DEBUG=1",
					"$(inherited)",
				);
				GCC_WARN_64_TO_32_BIT_CONVERSION = YES;
				GCC_WARN_ABOUT_RETURN_TYPE = YES_ERROR;
				GCC_WARN_UNDECLARED_SELECTOR = YES;
				GCC_WARN_UNINITIALIZED_AUTOS = YES_AGGRESSIVE;
				GCC_WARN_UNUSED_FUNCTION = YES;
				GCC_WARN_UNUSED_VARIABLE = YES;
				IPHONEOS_DEPLOYMENT_TARGET = 18.0;
				LOCALIZATION_PREFERS_STRING_CATALOGS = YES;
				MTL_ENABLE_DEBUG_INFO = INCLUDE_SOURCE;
				MTL_FAST_MATH = YES;
				ONLY_ACTIVE_ARCH = YES;
				SDKROOT = iphoneos;
				SWIFT_ACTIVE_COMPILATION_CONDITIONS = "DEBUG $(inherited)";
				SWIFT_OPTIMIZATION_LEVEL = "-Onone";
			};
			name = Debug;
		};
		AA0000000000000000000002 /* Release */ = {
			isa = XCBuildConfiguration;
			buildSettings = {
				ALWAYS_SEARCH_USER_PATHS = NO;
				ASSETCATALOG_COMPILER_GENERATE_SWIFT_ASSET_SYMBOL_EXTENSIONS = YES;
				CLANG_ANALYZER_NONNULL = YES;
				CLANG_ANALYZER_NUMBER_OBJECT_CONVERSION = YES_AGGRESSIVE;
				CLANG_CXX_LANGUAGE_STANDARD = "gnu++20";
				CLANG_ENABLE_MODULES = YES;
				CLANG_ENABLE_OBJC_ARC = YES;
				CLANG_WARN_BOOL_CONVERSION = YES;
				CLANG_WARN_COMMA = YES;
				CLANG_WARN_CONSTANT_CONVERSION = YES;
				CLANG_WARN_DEPRECATED_OBJC_IMPLEMENTATIONS = YES;
				CLANG_WARN_DOCUMENTATION_COMMENTS = YES;
				CLANG_WARN_EMPTY_BODY = YES;
				CLANG_WARN_ENUM_CONVERSION = YES;
				CLANG_WARN_INFINITE_RECURSION = YES;
				CLANG_WARN_INT_CONVERSION = YES;
				CLANG_WARN_NON_LITERAL_NULL_CONVERSION = YES;
				CLANG_WARN_OBJC_IMPLICIT_RETAIN_SELF = YES;
				CLANG_WARN_OBJC_LITERAL_CONVERSION = YES;
				CLANG_WARN_OBJC_ROOT_CLASS = YES_ERROR;
				CLANG_WARN_QUOTED_INCLUDE_IN_FRAMEWORK_HEADER = YES;
				CLANG_WARN_RANGE_LOOP_ANALYSIS = YES;
				CLANG_WARN_STRICT_PROTOTYPES = YES;
				CLANG_WARN_SUSPICIOUS_MOVE = YES;
				CLANG_WARN_UNGUARDED_AVAILABILITY = YES_AGGRESSIVE;
				CLANG_WARN_UNREACHABLE_CODE = YES;
				COPY_PHASE_STRIP = NO;
				DEBUG_INFORMATION_FORMAT = "dwarf-with-dsym";
				ENABLE_NS_ASSERTIONS = NO;
				ENABLE_STRICT_OBJC_MSGSEND = YES;
				ENABLE_USER_SCRIPT_SANDBOXING = YES;
				GCC_C_LANGUAGE_STANDARD = gnu17;
				GCC_NO_COMMON_BLOCKS = YES;
				GCC_WARN_64_TO_32_BIT_CONVERSION = YES;
				GCC_WARN_ABOUT_RETURN_TYPE = YES_ERROR;
				GCC_WARN_UNDECLARED_SELECTOR = YES;
				GCC_WARN_UNINITIALIZED_AUTOS = YES_AGGRESSIVE;
				GCC_WARN_UNUSED_FUNCTION = YES;
				GCC_WARN_UNUSED_VARIABLE = YES;
				IPHONEOS_DEPLOYMENT_TARGET = 18.0;
				LOCALIZATION_PREFERS_STRING_CATALOGS = YES;
				MTL_ENABLE_DEBUG_INFO = NO;
				MTL_FAST_MATH = YES;
				SDKROOT = iphoneos;
				SWIFT_COMPILATION_MODE = wholemodule;
				VALIDATE_PRODUCT = YES;
			};
			name = Release;
		};
		AA0000000000000000000003 /* Debug */ = {
			isa = XCBuildConfiguration;
			buildSettings = {
				ASSETCATALOG_COMPILER_APPICON_NAME = AppIcon;
				ASSETCATALOG_COMPILER_GLOBAL_ACCENT_COLOR_NAME = AccentColor;
				CODE_SIGN_STYLE = Automatic;
				CURRENT_PROJECT_VERSION = 9;
				DEVELOPMENT_TEAM = "";
				ENABLE_PREVIEWS = YES;
				GENERATE_INFOPLIST_FILE = YES;
				INFOPLIST_KEY_CFBundleDisplayName = Kero;
				INFOPLIST_KEY_ITSAppUsesNonExemptEncryption = NO;
				INFOPLIST_KEY_LSApplicationCategoryType = "public.app-category.developer-tools";
				INFOPLIST_KEY_NSFaceIDUsageDescription = "Use Face ID to unlock saved SSH credentials.";
				INFOPLIST_KEY_NSLocalNetworkUsageDescription = "Kero connects to SSH servers on your local network.";
				INFOPLIST_KEY_UIApplicationSceneManifest_Generation = YES;
				INFOPLIST_KEY_UIApplicationSupportsIndirectInputEvents = YES;
				INFOPLIST_KEY_UILaunchScreen_Generation = YES;
				INFOPLIST_KEY_UISupportedInterfaceOrientations = "UIInterfaceOrientationPortrait UIInterfaceOrientationLandscapeLeft UIInterfaceOrientationLandscapeRight";
				INFOPLIST_KEY_UISupportedInterfaceOrientations_iPad = "UIInterfaceOrientationPortrait UIInterfaceOrientationPortraitUpsideDown UIInterfaceOrientationLandscapeLeft UIInterfaceOrientationLandscapeRight";
				IPHONEOS_DEPLOYMENT_TARGET = 18.0;
				LD_RUNPATH_SEARCH_PATHS = (
					"$(inherited)",
					"@executable_path/Frameworks",
				);
				MARKETING_VERSION = 0.0.1;
				PRODUCT_BUNDLE_IDENTIFIER = sh.kero.mobile;
				PRODUCT_NAME = Kero;
				STRING_CATALOG_GENERATE_SYMBOLS = YES;
				SUPPORTED_PLATFORMS = "iphoneos iphonesimulator";
				SUPPORTS_MACCATALYST = NO;
				SUPPORTS_MAC_DESIGNED_FOR_IPHONE_IPAD = NO;
				SUPPORTS_XR_DESIGNED_FOR_IPHONE_IPAD = NO;
				SWIFT_EMIT_LOC_STRINGS = YES;
				SWIFT_STRICT_CONCURRENCY = minimal;
				SWIFT_VERSION = 5.0;
				TARGETED_DEVICE_FAMILY = "1,2";
			};
			name = Debug;
		};
		AA0000000000000000000004 /* Release */ = {
			isa = XCBuildConfiguration;
			buildSettings = {
				ASSETCATALOG_COMPILER_APPICON_NAME = AppIcon;
				ASSETCATALOG_COMPILER_GLOBAL_ACCENT_COLOR_NAME = AccentColor;
				CODE_SIGN_STYLE = Automatic;
				CURRENT_PROJECT_VERSION = 9;
				DEVELOPMENT_TEAM = "";
				ENABLE_PREVIEWS = YES;
				GENERATE_INFOPLIST_FILE = YES;
				INFOPLIST_KEY_CFBundleDisplayName = Kero;
				INFOPLIST_KEY_ITSAppUsesNonExemptEncryption = NO;
				INFOPLIST_KEY_LSApplicationCategoryType = "public.app-category.developer-tools";
				INFOPLIST_KEY_NSFaceIDUsageDescription = "Use Face ID to unlock saved SSH credentials.";
				INFOPLIST_KEY_NSLocalNetworkUsageDescription = "Kero connects to SSH servers on your local network.";
				INFOPLIST_KEY_UIApplicationSceneManifest_Generation = YES;
				INFOPLIST_KEY_UIApplicationSupportsIndirectInputEvents = YES;
				INFOPLIST_KEY_UILaunchScreen_Generation = YES;
				INFOPLIST_KEY_UISupportedInterfaceOrientations = "UIInterfaceOrientationPortrait UIInterfaceOrientationLandscapeLeft UIInterfaceOrientationLandscapeRight";
				INFOPLIST_KEY_UISupportedInterfaceOrientations_iPad = "UIInterfaceOrientationPortrait UIInterfaceOrientationPortraitUpsideDown UIInterfaceOrientationLandscapeLeft UIInterfaceOrientationLandscapeRight";
				IPHONEOS_DEPLOYMENT_TARGET = 18.0;
				LD_RUNPATH_SEARCH_PATHS = (
					"$(inherited)",
					"@executable_path/Frameworks",
				);
				MARKETING_VERSION = 0.0.1;
				PRODUCT_BUNDLE_IDENTIFIER = sh.kero.mobile;
				PRODUCT_NAME = Kero;
				STRING_CATALOG_GENERATE_SYMBOLS = YES;
				SUPPORTED_PLATFORMS = "iphoneos iphonesimulator";
				SUPPORTS_MACCATALYST = NO;
				SUPPORTS_MAC_DESIGNED_FOR_IPHONE_IPAD = NO;
				SUPPORTS_XR_DESIGNED_FOR_IPHONE_IPAD = NO;
				SWIFT_EMIT_LOC_STRINGS = YES;
				SWIFT_STRICT_CONCURRENCY = minimal;
				SWIFT_VERSION = 5.0;
				TARGETED_DEVICE_FAMILY = "1,2";
			};
			name = Release;
		};
		AA0000000000000000000005 /* Debug */ = {
			isa = XCBuildConfiguration;
			buildSettings = {
				CODE_SIGN_STYLE = Automatic;
				CURRENT_PROJECT_VERSION = 1;
				DEVELOPMENT_TEAM = "";
				GENERATE_INFOPLIST_FILE = YES;
				IPHONEOS_DEPLOYMENT_TARGET = 18.0;
				MARKETING_VERSION = 0.0.1;
				PRODUCT_BUNDLE_IDENTIFIER = "sh.kero.mobile.ui-tests";
				PRODUCT_NAME = "$(TARGET_NAME)";
				STRING_CATALOG_GENERATE_SYMBOLS = NO;
				SUPPORTED_PLATFORMS = "iphoneos iphonesimulator";
				SUPPORTS_MACCATALYST = NO;
				SUPPORTS_XR_DESIGNED_FOR_IPHONE_IPAD = NO;
				SWIFT_EMIT_LOC_STRINGS = NO;
				SWIFT_VERSION = 5.0;
				TARGETED_DEVICE_FAMILY = "1,2";
				TEST_TARGET_NAME = KeroMobile;
			};
			name = Debug;
		};
		AA0000000000000000000006 /* Release */ = {
			isa = XCBuildConfiguration;
			buildSettings = {
				CODE_SIGN_STYLE = Automatic;
				CURRENT_PROJECT_VERSION = 1;
				DEVELOPMENT_TEAM = "";
				GENERATE_INFOPLIST_FILE = YES;
				IPHONEOS_DEPLOYMENT_TARGET = 18.0;
				MARKETING_VERSION = 0.0.1;
				PRODUCT_BUNDLE_IDENTIFIER = "sh.kero.mobile.ui-tests";
				PRODUCT_NAME = "$(TARGET_NAME)";
				STRING_CATALOG_GENERATE_SYMBOLS = NO;
				SUPPORTED_PLATFORMS = "iphoneos iphonesimulator";
				SUPPORTS_MACCATALYST = NO;
				SUPPORTS_XR_DESIGNED_FOR_IPHONE_IPAD = NO;
				SWIFT_EMIT_LOC_STRINGS = NO;
				SWIFT_VERSION = 5.0;
				TARGETED_DEVICE_FAMILY = "1,2";
				TEST_TARGET_NAME = KeroMobile;
			};
			name = Release;
		};
		AA0000000000000000000007 /* Debug */ = {
			isa = XCBuildConfiguration;
			buildSettings = {
				BUNDLE_LOADER = "$(TEST_HOST)";
				CODE_SIGN_STYLE = Automatic;
				CURRENT_PROJECT_VERSION = 1;
				DEVELOPMENT_TEAM = "";
				GENERATE_INFOPLIST_FILE = YES;
				IPHONEOS_DEPLOYMENT_TARGET = 18.0;
				MARKETING_VERSION = 0.0.1;
				PRODUCT_BUNDLE_IDENTIFIER = "sh.kero.mobile.tests";
				PRODUCT_NAME = "$(TARGET_NAME)";
				STRING_CATALOG_GENERATE_SYMBOLS = NO;
				SUPPORTED_PLATFORMS = "iphoneos iphonesimulator";
				SUPPORTS_MACCATALYST = NO;
				SUPPORTS_XR_DESIGNED_FOR_IPHONE_IPAD = NO;
				SWIFT_EMIT_LOC_STRINGS = NO;
				SWIFT_VERSION = 5.0;
				TARGETED_DEVICE_FAMILY = "1,2";
				TEST_HOST = "$(BUILT_PRODUCTS_DIR)/Kero.app/$(BUNDLE_EXECUTABLE_FOLDER_PATH)/Kero";
			};
			name = Debug;
		};
		AA0000000000000000000008 /* Release */ = {
			isa = XCBuildConfiguration;
			buildSettings = {
				BUNDLE_LOADER = "$(TEST_HOST)";
				CODE_SIGN_STYLE = Automatic;
				CURRENT_PROJECT_VERSION = 1;
				DEVELOPMENT_TEAM = "";
				GENERATE_INFOPLIST_FILE = YES;
				IPHONEOS_DEPLOYMENT_TARGET = 18.0;
				MARKETING_VERSION = 0.0.1;
				PRODUCT_BUNDLE_IDENTIFIER = "sh.kero.mobile.tests";
				PRODUCT_NAME = "$(TARGET_NAME)";
				STRING_CATALOG_GENERATE_SYMBOLS = NO;
				SUPPORTED_PLATFORMS = "iphoneos iphonesimulator";
				SUPPORTS_MACCATALYST = NO;
				SUPPORTS_XR_DESIGNED_FOR_IPHONE_IPAD = NO;
				SWIFT_EMIT_LOC_STRINGS = NO;
				SWIFT_VERSION = 5.0;
				TARGETED_DEVICE_FAMILY = "1,2";
				TEST_HOST = "$(BUILT_PRODUCTS_DIR)/Kero.app/$(BUNDLE_EXECUTABLE_FOLDER_PATH)/Kero";
			};
			name = Release;
		};
/* End XCBuildConfiguration section */

/* Begin XCConfigurationList section */
		A80000000000000000000001 /* Build configuration list for PBXProject "KeroMobile" */ = {
			isa = XCConfigurationList;
			buildConfigurations = (
				AA0000000000000000000001 /* Debug */,
				AA0000000000000000000002 /* Release */,
			);
			defaultConfigurationIsVisible = 0;
			defaultConfigurationName = Release;
		};
		A80000000000000000000002 /* Build configuration list for PBXNativeTarget "KeroMobile" */ = {
			isa = XCConfigurationList;
			buildConfigurations = (
				AA0000000000000000000003 /* Debug */,
				AA0000000000000000000004 /* Release */,
			);
			defaultConfigurationIsVisible = 0;
			defaultConfigurationName = Release;
		};
		A80000000000000000000003 /* Build configuration list for PBXNativeTarget "KeroMobileUITests" */ = {
			isa = XCConfigurationList;
			buildConfigurations = (
				AA0000000000000000000005 /* Debug */,
				AA0000000000000000000006 /* Release */,
			);
			defaultConfigurationIsVisible = 0;
			defaultConfigurationName = Release;
		};
		A80000000000000000000004 /* Build configuration list for PBXNativeTarget "KeroMobileTests" */ = {
			isa = XCConfigurationList;
			buildConfigurations = (
				AA0000000000000000000007 /* Debug */,
				AA0000000000000000000008 /* Release */,
			);
			defaultConfigurationIsVisible = 0;
			defaultConfigurationName = Release;
		};
/* End XCConfigurationList section */

/* Begin PBXTargetDependency section */
		AD0000000000000000000001 /* PBXTargetDependency */ = {
			isa = PBXTargetDependency;
			target = A70000000000000000000001 /* KeroMobile */;
			targetProxy = AC0000000000000000000001 /* PBXContainerItemProxy */;
		};
		AD0000000000000000000002 /* PBXTargetDependency */ = {
			isa = PBXTargetDependency;
			target = A70000000000000000000001 /* KeroMobile */;
			targetProxy = AC0000000000000000000002 /* PBXContainerItemProxy */;
		};
/* End PBXTargetDependency section */

/* Begin XCLocalSwiftPackageReference section */
		AB0000000000000000000001 /* XCLocalSwiftPackageReference "Vendor/libghostty-spm" */ = {
			isa = XCLocalSwiftPackageReference;
			relativePath = "Vendor/libghostty-spm";
		};
/* End XCLocalSwiftPackageReference section */

/* Begin XCRemoteSwiftPackageReference section */
		AB0000000000000000000002 /* XCRemoteSwiftPackageReference "swift-nio-ssh" */ = {
			isa = XCRemoteSwiftPackageReference;
			repositoryURL = "https://github.com/apple/swift-nio-ssh";
			requirement = {
				kind = upToNextMinorVersion;
				minimumVersion = 0.14.1;
			};
		};
		AB0000000000000000000003 /* XCRemoteSwiftPackageReference "swift-nio" */ = {
			isa = XCRemoteSwiftPackageReference;
			repositoryURL = "https://github.com/apple/swift-nio";
			requirement = {
				kind = upToNextMajorVersion;
				minimumVersion = 2.81.0;
			};
		};
		AB0000000000000000000004 /* XCRemoteSwiftPackageReference "swift-crypto" */ = {
			isa = XCRemoteSwiftPackageReference;
			repositoryURL = "https://github.com/apple/swift-crypto";
			requirement = {
				kind = upToNextMajorVersion;
				minimumVersion = 4.5.1;
			};
		};
/* End XCRemoteSwiftPackageReference section */

/* Begin XCSwiftPackageProductDependency section */
		A20000000000000000000001 /* GhosttyTerminal */ = {
			isa = XCSwiftPackageProductDependency;
			productName = GhosttyTerminal;
		};
		A20000000000000000000002 /* NIOSSH */ = {
			isa = XCSwiftPackageProductDependency;
			package = AB0000000000000000000002 /* XCRemoteSwiftPackageReference "swift-nio-ssh" */;
			productName = NIOSSH;
		};
		A20000000000000000000003 /* NIOCore */ = {
			isa = XCSwiftPackageProductDependency;
			package = AB0000000000000000000003 /* XCRemoteSwiftPackageReference "swift-nio" */;
			productName = NIOCore;
		};
		A20000000000000000000004 /* NIOPosix */ = {
			isa = XCSwiftPackageProductDependency;
			package = AB0000000000000000000003 /* XCRemoteSwiftPackageReference "swift-nio" */;
			productName = NIOPosix;
		};
		A20000000000000000000005 /* Crypto */ = {
			isa = XCSwiftPackageProductDependency;
			package = AB0000000000000000000004 /* XCRemoteSwiftPackageReference "swift-crypto" */;
			productName = Crypto;
		};
/* End XCSwiftPackageProductDependency section */
	};
	rootObject = A90000000000000000000001 /* Project object */;
}
